
Microsoft Visual Studio Solution File, Format Version 12.00
# Visual Studio Version 16
VisualStudioVersion = 16.0.29215.179
MinimumVisualStudioVersion = 10.0.40219.1
Project("{9A19103F-16F7-4668-BE54-9A1E7A4F7556}") = "Room.API", "src\Room.API\Room.API.csproj", "{8B8858D8-F511-4DF7-B6AC-99E5F8AD55A9}"
EndProject
Project("{9A19103F-16F7-4668-BE54-9A1E7A4F7556}") = "User.API", "src\User.API\User.API.csproj", "{4B823648-4E16-4544-93A6-7840C1B72A5F}"
EndProject
Project("{9A19103F-16F7-4668-BE54-9A1E7A4F7556}") = "Monster.API", "src\Monster.API\Monster.API.csproj", "{FFDF9622-67E2-4C92-808D-814E48713DDA}"
EndProject
Project("{9A19103F-16F7-4668-BE54-9A1E7A4F7556}") = "Gateway", "src\Gateway\Gateway.csproj", "{D3CB591F-A103-4853-8033-8634DF6D4960}"
EndProject
Project("{2150E333-8FDC-42A3-9474-1A3956D46DE8}") = "src", "src", "{6552C5D0-0279-41F4-BF58-C2D845851135}"
EndProject
Project("{2150E333-8FDC-42A3-9474-1A3956D46DE8}") = "Tests", "Tests", "{2DCBD74C-A7DA-4B73-A5CF-BDEDF49FE1CA}"
EndProject
Project("{9A19103F-16F7-4668-BE54-9A1E7A4F7556}") = "User.Test", "tests\User.Test\User.Test.csproj", "{F2769340-EDD8-4557-BA85-113C859F9DA6}"
EndProject
Project("{9A19103F-16F7-4668-BE54-9A1E7A4F7556}") = "Monster.Test", "tests\Monster.Test\Monster.Test.csproj", "{0E672B11-3A54-4429-885C-FC7285A9FB1E}"
EndProject
Project("{9A19103F-16F7-4668-BE54-9A1E7A4F7556}") = "Room.Test", "tests\Room.Test\Room.Test.csproj", "{B9C1CB9F-E71B-47CF-9F48-406140EFB720}"
EndProject
Project("{FAE04EC0-301F-11D3-BF4B-00C04F79EFBC}") = "WebSPAClient", "src\WebSPAClient\WebSPAClient.csproj", "{A7BBD7DA-EB2A-476C-A196-93D8FAB380D4}"
EndProject
Global
	GlobalSection(SolutionConfigurationPlatforms) = preSolution
		Debug|Any CPU = Debug|Any CPU
		Release|Any CPU = Release|Any CPU
	EndGlobalSection
	GlobalSection(ProjectConfigurationPlatforms) = postSolution
		{8B8858D8-F511-4DF7-B6AC-99E5F8AD55A9}.Debug|Any CPU.ActiveCfg = Debug|Any CPU
		{8B8858D8-F511-4DF7-B6AC-99E5F8AD55A9}.Debug|Any CPU.Build.0 = Debug|Any CPU
		{8B8858D8-F511-4DF7-B6AC-99E5F8AD55A9}.Release|Any CPU.ActiveCfg = Release|Any CPU
		{8B8858D8-F511-4DF7-B6AC-99E5F8AD55A9}.Release|Any CPU.Build.0 = Release|Any CPU
		{4B823648-4E16-4544-93A6-7840C1B72A5F}.Debug|Any CPU.ActiveCfg = Debug|Any CPU
		{4B823648-4E16-4544-93A6-7840C1B72A5F}.Debug|Any CPU.Build.0 = Debug|Any CPU
		{4B823648-4E16-4544-93A6-7840C1B72A5F}.Release|Any CPU.ActiveCfg = Release|Any CPU
		{4B823648-4E16-4544-93A6-7840C1B72A5F}.Release|Any CPU.Build.0 = Release|Any CPU
		{FFDF9622-67E2-4C92-808D-814E48713DDA}.Debug|Any CPU.ActiveCfg = Debug|Any CPU
		{FFDF9622-67E2-4C92-808D-814E48713DDA}.Debug|Any CPU.Build.0 = Debug|Any CPU
		{FFDF9622-67E2-4C92-808D-814E48713DDA}.Release|Any CPU.ActiveCfg = Release|Any CPU
		{FFDF9622-67E2-4C92-808D-814E48713DDA}.Release|Any CPU.Build.0 = Release|Any CPU
		{D3CB591F-A103-4853-8033-8634DF6D4960}.Debug|Any CPU.ActiveCfg = Debug|Any CPU
		{D3CB591F-A103-4853-8033-8634DF6D4960}.Debug|Any CPU.Build.0 = Debug|Any CPU
		{D3CB591F-A103-4853-8033-8634DF6D4960}.Release|Any CPU.ActiveCfg = Release|Any CPU
		{D3CB591F-A103-4853-8033-8634DF6D4960}.Release|Any CPU.Build.0 = Release|Any CPU
		{F2769340-EDD8-4557-BA85-113C859F9DA6}.Debug|Any CPU.ActiveCfg = Debug|Any CPU
		{F2769340-EDD8-4557-BA85-113C859F9DA6}.Debug|Any CPU.Build.0 = Debug|Any CPU
		{F2769340-EDD8-4557-BA85-113C859F9DA6}.Release|Any CPU.ActiveCfg = Release|Any CPU
		{F2769340-EDD8-4557-BA85-113C859F9DA6}.Release|Any CPU.Build.0 = Release|Any CPU
		{0E672B11-3A54-4429-885C-FC7285A9FB1E}.Debug|Any CPU.ActiveCfg = Debug|Any CPU
		{0E672B11-3A54-4429-885C-FC7285A9FB1E}.Debug|Any CPU.Build.0 = Debug|Any CPU
		{0E672B11-3A54-4429-885C-FC7285A9FB1E}.Release|Any CPU.ActiveCfg = Release|Any CPU
		{0E672B11-3A54-4429-885C-FC7285A9FB1E}.Release|Any CPU.Build.0 = Release|Any CPU
		{B9C1CB9F-E71B-47CF-9F48-406140EFB720}.Debug|Any CPU.ActiveCfg = Debug|Any CPU
		{B9C1CB9F-E71B-47CF-9F48-406140EFB720}.Debug|Any CPU.Build.0 = Debug|Any CPU
		{B9C1CB9F-E71B-47CF-9F48-406140EFB720}.Release|Any CPU.ActiveCfg = Release|Any CPU
		{B9C1CB9F-E71B-47CF-9F48-406140EFB720}.Release|Any CPU.Build.0 = Release|Any CPU
		{A7BBD7DA-EB2A-476C-A196-93D8FAB380D4}.Debug|Any CPU.ActiveCfg = Debug|Any CPU
		{A7BBD7DA-EB2A-476C-A196-93D8FAB380D4}.Debug|Any CPU.Build.0 = Debug|Any CPU
		{A7BBD7DA-EB2A-476C-A196-93D8FAB380D4}.Release|Any CPU.ActiveCfg = Release|Any CPU
		{A7BBD7DA-EB2A-476C-A196-93D8FAB380D4}.Release|Any CPU.Build.0 = Release|Any CPU
	EndGlobalSection
	GlobalSection(SolutionProperties) = preSolution
		HideSolutionNode = FALSE
	EndGlobalSection
	GlobalSection(NestedProjects) = preSolution
		{8B8858D8-F511-4DF7-B6AC-99E5F8AD55A9} = {6552C5D0-0279-41F4-BF58-C2D845851135}
		{4B823648-4E16-4544-93A6-7840C1B72A5F} = {6552C5D0-0279-41F4-BF58-C2D845851135}
		{FFDF9622-67E2-4C92-808D-814E48713DDA} = {6552C5D0-0279-41F4-BF58-C2D845851135}
		{D3CB591F-A103-4853-8033-8634DF6D4960} = {6552C5D0-0279-41F4-BF58-C2D845851135}
		{F2769340-EDD8-4557-BA85-113C859F9DA6} = {2DCBD74C-A7DA-4B73-A5CF-BDEDF49FE1CA}
		{0E672B11-3A54-4429-885C-FC7285A9FB1E} = {2DCBD74C-A7DA-4B73-A5CF-BDEDF49FE1CA}
		{B9C1CB9F-E71B-47CF-9F48-406140EFB720} = {2DCBD74C-A7DA-4B73-A5CF-BDEDF49FE1CA}
		{A7BBD7DA-EB2A-476C-A196-93D8FAB380D4} = {6552C5D0-0279-41F4-BF58-C2D845851135}
	EndGlobalSection
	GlobalSection(ExtensibilityGlobals) = postSolution
		SolutionGuid = {B5C17CE3-34AD-4DD6-8C39-B7704C3F21E9}
	EndGlobalSection
EndGlobal
